
Microsoft Visual Studio Solution File, Format Version 12.00
#
Project("{2150E333-8FDC-42A3-9474-1A3956D46DE8}") = "Appointment", "Appointment", "{40CC7045-308F-42A1-8C84-72C75FFB169E}"
EndProject
Project("{FAE04EC0-301F-11D3-BF4B-00C04F79EFBC}") = "Appointment.API", "Appointment\Appointment.API\Appointment.API.csproj", "{CA7D4860-2F50-4960-A81F-AC6E7AC296CD}"
EndProject
Project("{FAE04EC0-301F-11D3-BF4B-00C04F79EFBC}") = "Appointment.Service", "Appointment\Appointment.Service\Appointment.Service.csproj", "{3FF27C41-88F9-4C09-98BD-994936CAB66D}"
EndProject
Project("{FAE04EC0-301F-11D3-BF4B-00C04F79EFBC}") = "Appointment.Data", "Appointment\Appointment.Data\Appointment.Data.csproj", "{6C5A37A4-83F2-4185-B77C-8C5A174BC327}"
EndProject
Project("{2150E333-8FDC-42A3-9474-1A3956D46DE8}") = "Company", "Company", "{44335211-A7CB-44EF-BBAE-4B30214584EB}"
EndProject
Project("{FAE04EC0-301F-11D3-BF4B-00C04F79EFBC}") = "Company.API", "Company\Company.API\Company.API.csproj", "{9AFDB2C2-4920-4201-B2C2-97F0BD697007}"
EndProject
Project("{FAE04EC0-301F-11D3-BF4B-00C04F79EFBC}") = "Company.Data", "Company\Company.Data\Company.Data.csproj", "{8283CD6B-5616-433A-A1C7-4FC446BC5373}"
EndProject
Project("{FAE04EC0-301F-11D3-BF4B-00C04F79EFBC}") = "Company.Service", "Company\Company.Service\Company.Service.csproj", "{4D5549CC-9B0E-4414-92DE-71829EA89C8C}"
EndProject
Project("{FAE04EC0-301F-11D3-BF4B-00C04F79EFBC}") = "Company.SearchAPI", "Company\Company.SearchAPI\Company.SearchAPI.csproj", "{23ED1905-5855-40CB-9DD1-704584834FEB}"
EndProject
Project("{2150E333-8FDC-42A3-9474-1A3956D46DE8}") = "Clients", "Clients", "{0655C8E5-1F46-4DBD-BF8E-2A05171239EE}"
EndProject
Project("{2150E333-8FDC-42A3-9474-1A3956D46DE8}") = "Clients", "Clients", "{F37D0CD6-F37B-48F6-A1D0-13155735590A}"
EndProject
Project("{FAE04EC0-301F-11D3-BF4B-00C04F79EFBC}") = "Appointment.Entity", "Appointment\Appointment.Entity\Appointment.Entity.csproj", "{FFA06536-78FA-4E72-98AE-3AD8B8C2E869}"
EndProject
Project("{FAE04EC0-301F-11D3-BF4B-00C04F79EFBC}") = "Company.Entity", "Company\Company.Entity\Company.Entity.csproj", "{0AEBE84D-CE3F-41D7-963F-EC3BB5FE8618}"
EndProject
Project("{2150E333-8FDC-42A3-9474-1A3956D46DE8}") = "Shared", "Shared", "{93A72877-A9F1-4106-9AEA-C147F6C40F51}"
EndProject
Project("{FAE04EC0-301F-11D3-BF4B-00C04F79EFBC}") = "EventsLibrary", "EventsLibrary\EventsLibrary.csproj", "{1A13FC09-2C88-46DC-BDE9-73C9550CDC21}"
EndProject
Project("{2150E333-8FDC-42A3-9474-1A3956D46DE8}") = "Services", "Services", "{1C512088-C862-4E9B-8A56-0D4F13B4BFC2}"
EndProject
Project("{2150E333-8FDC-42A3-9474-1A3956D46DE8}") = "Workers", "Workers", "{7396B451-D67D-470E-8861-8620C92A9C67}"
EndProject
Project("{FAE04EC0-301F-11D3-BF4B-00C04F79EFBC}") = "NotificationService", "NotificationService\NotificationService.csproj", "{2575CB7A-1535-4FF7-830D-273BA061FF98}"
EndProject
Global
	GlobalSection(SolutionConfigurationPlatforms) = preSolution
		Debug|Any CPU = Debug|Any CPU
		Release|Any CPU = Release|Any CPU
	EndGlobalSection
	GlobalSection(ProjectConfigurationPlatforms) = postSolution
		{CA7D4860-2F50-4960-A81F-AC6E7AC296CD}.Debug|Any CPU.ActiveCfg = Debug|Any CPU
		{CA7D4860-2F50-4960-A81F-AC6E7AC296CD}.Debug|Any CPU.Build.0 = Debug|Any CPU
		{CA7D4860-2F50-4960-A81F-AC6E7AC296CD}.Release|Any CPU.ActiveCfg = Release|Any CPU
		{CA7D4860-2F50-4960-A81F-AC6E7AC296CD}.Release|Any CPU.Build.0 = Release|Any CPU
		{3FF27C41-88F9-4C09-98BD-994936CAB66D}.Debug|Any CPU.ActiveCfg = Debug|Any CPU
		{3FF27C41-88F9-4C09-98BD-994936CAB66D}.Debug|Any CPU.Build.0 = Debug|Any CPU
		{3FF27C41-88F9-4C09-98BD-994936CAB66D}.Release|Any CPU.ActiveCfg = Release|Any CPU
		{3FF27C41-88F9-4C09-98BD-994936CAB66D}.Release|Any CPU.Build.0 = Release|Any CPU
		{6C5A37A4-83F2-4185-B77C-8C5A174BC327}.Debug|Any CPU.ActiveCfg = Debug|Any CPU
		{6C5A37A4-83F2-4185-B77C-8C5A174BC327}.Debug|Any CPU.Build.0 = Debug|Any CPU
		{6C5A37A4-83F2-4185-B77C-8C5A174BC327}.Release|Any CPU.ActiveCfg = Release|Any CPU
		{6C5A37A4-83F2-4185-B77C-8C5A174BC327}.Release|Any CPU.Build.0 = Release|Any CPU
		{9AFDB2C2-4920-4201-B2C2-97F0BD697007}.Debug|Any CPU.ActiveCfg = Debug|Any CPU
		{9AFDB2C2-4920-4201-B2C2-97F0BD697007}.Debug|Any CPU.Build.0 = Debug|Any CPU
		{9AFDB2C2-4920-4201-B2C2-97F0BD697007}.Release|Any CPU.ActiveCfg = Release|Any CPU
		{9AFDB2C2-4920-4201-B2C2-97F0BD697007}.Release|Any CPU.Build.0 = Release|Any CPU
		{8283CD6B-5616-433A-A1C7-4FC446BC5373}.Debug|Any CPU.ActiveCfg = Debug|Any CPU
		{8283CD6B-5616-433A-A1C7-4FC446BC5373}.Debug|Any CPU.Build.0 = Debug|Any CPU
		{8283CD6B-5616-433A-A1C7-4FC446BC5373}.Release|Any CPU.ActiveCfg = Release|Any CPU
		{8283CD6B-5616-433A-A1C7-4FC446BC5373}.Release|Any CPU.Build.0 = Release|Any CPU
		{4D5549CC-9B0E-4414-92DE-71829EA89C8C}.Debug|Any CPU.ActiveCfg = Debug|Any CPU
		{4D5549CC-9B0E-4414-92DE-71829EA89C8C}.Debug|Any CPU.Build.0 = Debug|Any CPU
		{4D5549CC-9B0E-4414-92DE-71829EA89C8C}.Release|Any CPU.ActiveCfg = Release|Any CPU
		{4D5549CC-9B0E-4414-92DE-71829EA89C8C}.Release|Any CPU.Build.0 = Release|Any CPU
		{23ED1905-5855-40CB-9DD1-704584834FEB}.Debug|Any CPU.ActiveCfg = Debug|Any CPU
		{23ED1905-5855-40CB-9DD1-704584834FEB}.Debug|Any CPU.Build.0 = Debug|Any CPU
		{23ED1905-5855-40CB-9DD1-704584834FEB}.Release|Any CPU.ActiveCfg = Release|Any CPU
		{23ED1905-5855-40CB-9DD1-704584834FEB}.Release|Any CPU.Build.0 = Release|Any CPU
		{FFA06536-78FA-4E72-98AE-3AD8B8C2E869}.Debug|Any CPU.ActiveCfg = Debug|Any CPU
		{FFA06536-78FA-4E72-98AE-3AD8B8C2E869}.Debug|Any CPU.Build.0 = Debug|Any CPU
		{FFA06536-78FA-4E72-98AE-3AD8B8C2E869}.Release|Any CPU.ActiveCfg = Release|Any CPU
		{FFA06536-78FA-4E72-98AE-3AD8B8C2E869}.Release|Any CPU.Build.0 = Release|Any CPU
		{0AEBE84D-CE3F-41D7-963F-EC3BB5FE8618}.Debug|Any CPU.ActiveCfg = Debug|Any CPU
		{0AEBE84D-CE3F-41D7-963F-EC3BB5FE8618}.Debug|Any CPU.Build.0 = Debug|Any CPU
		{0AEBE84D-CE3F-41D7-963F-EC3BB5FE8618}.Release|Any CPU.ActiveCfg = Release|Any CPU
		{0AEBE84D-CE3F-41D7-963F-EC3BB5FE8618}.Release|Any CPU.Build.0 = Release|Any CPU
		{1A13FC09-2C88-46DC-BDE9-73C9550CDC21}.Debug|Any CPU.ActiveCfg = Debug|Any CPU
		{1A13FC09-2C88-46DC-BDE9-73C9550CDC21}.Debug|Any CPU.Build.0 = Debug|Any CPU
		{1A13FC09-2C88-46DC-BDE9-73C9550CDC21}.Release|Any CPU.ActiveCfg = Release|Any CPU
		{1A13FC09-2C88-46DC-BDE9-73C9550CDC21}.Release|Any CPU.Build.0 = Release|Any CPU
		{2575CB7A-1535-4FF7-830D-273BA061FF98}.Debug|Any CPU.ActiveCfg = Debug|Any CPU
		{2575CB7A-1535-4FF7-830D-273BA061FF98}.Debug|Any CPU.Build.0 = Debug|Any CPU
		{2575CB7A-1535-4FF7-830D-273BA061FF98}.Release|Any CPU.ActiveCfg = Release|Any CPU
		{2575CB7A-1535-4FF7-830D-273BA061FF98}.Release|Any CPU.Build.0 = Release|Any CPU
	EndGlobalSection
	GlobalSection(SolutionProperties) = preSolution
		HideSolutionNode = FALSE
	EndGlobalSection
	GlobalSection(NestedProjects) = preSolution
		{CA7D4860-2F50-4960-A81F-AC6E7AC296CD} = {F37D0CD6-F37B-48F6-A1D0-13155735590A}
		{3FF27C41-88F9-4C09-98BD-994936CAB66D} = {40CC7045-308F-42A1-8C84-72C75FFB169E}
		{6C5A37A4-83F2-4185-B77C-8C5A174BC327} = {40CC7045-308F-42A1-8C84-72C75FFB169E}
		{9AFDB2C2-4920-4201-B2C2-97F0BD697007} = {0655C8E5-1F46-4DBD-BF8E-2A05171239EE}
		{8283CD6B-5616-433A-A1C7-4FC446BC5373} = {44335211-A7CB-44EF-BBAE-4B30214584EB}
		{4D5549CC-9B0E-4414-92DE-71829EA89C8C} = {44335211-A7CB-44EF-BBAE-4B30214584EB}
		{23ED1905-5855-40CB-9DD1-704584834FEB} = {0655C8E5-1F46-4DBD-BF8E-2A05171239EE}
		{0655C8E5-1F46-4DBD-BF8E-2A05171239EE} = {44335211-A7CB-44EF-BBAE-4B30214584EB}
		{F37D0CD6-F37B-48F6-A1D0-13155735590A} = {40CC7045-308F-42A1-8C84-72C75FFB169E}
		{FFA06536-78FA-4E72-98AE-3AD8B8C2E869} = {40CC7045-308F-42A1-8C84-72C75FFB169E}
		{0AEBE84D-CE3F-41D7-963F-EC3BB5FE8618} = {44335211-A7CB-44EF-BBAE-4B30214584EB}
		{1A13FC09-2C88-46DC-BDE9-73C9550CDC21} = {93A72877-A9F1-4106-9AEA-C147F6C40F51}
		{1C512088-C862-4E9B-8A56-0D4F13B4BFC2} = {44335211-A7CB-44EF-BBAE-4B30214584EB}
		{7396B451-D67D-470E-8861-8620C92A9C67} = {44335211-A7CB-44EF-BBAE-4B30214584EB}
		{2575CB7A-1535-4FF7-830D-273BA061FF98} = {7396B451-D67D-470E-8861-8620C92A9C67}
	EndGlobalSection
EndGlobal
