
Microsoft Visual Studio Solution File, Format Version 12.00
Project("{FAE04EC0-301F-11D3-BF4B-00C04F79EFBC}") = "Domains", "Domains\Domains.csproj", "{73EA7113-BFFE-4EB4-993C-22EC63FACE1A}"
EndProject
Project("{FAE04EC0-301F-11D3-BF4B-00C04F79EFBC}") = "Appointment.Service", "Appointment.Service\Appointment.Service.csproj", "{DF331936-0B12-4E43-A921-A915A8CFEF7D}"
EndProject
Project("{FAE04EC0-301F-11D3-BF4B-00C04F79EFBC}") = "Appointment.Data", "Appointment.Data\Appointment.Data.csproj", "{8F279BA2-C0BD-4C57-86E1-DF5AFFCACC2F}"
EndProject
Project("{FAE04EC0-301F-11D3-BF4B-00C04F79EFBC}") = "Company.Data", "Company.Data\Company.Data.csproj", "{29454BE5-31C2-494F-BB93-CC323477786D}"
EndProject
Project("{2150E333-8FDC-42A3-9474-1A3956D46DE8}") = "Core", "Core", "{382D685A-9DDE-4CD5-9CAF-49CAFA695F84}"
EndProject
Project("{2150E333-8FDC-42A3-9474-1A3956D46DE8}") = "Appointment", "Appointment", "{6E5771C2-E20C-4A84-A56E-08C120979ADC}"
EndProject
Project("{2150E333-8FDC-42A3-9474-1A3956D46DE8}") = "Company", "Company", "{FBB3CFB1-B292-47C3-B2E9-44942E536D23}"
EndProject
Project("{FAE04EC0-301F-11D3-BF4B-00C04F79EFBC}") = "Company.Service", "Company.Service\Company.Service.csproj", "{7F50695A-D1CB-44CC-8267-E33EE4B9BBBD}"
EndProject
Project("{FAE04EC0-301F-11D3-BF4B-00C04F79EFBC}") = "Appointment.API", "Appointment.API\Appointment.API.csproj", "{97C7804E-7352-4F15-BD68-71046DDD55A4}"
EndProject
Project("{FAE04EC0-301F-11D3-BF4B-00C04F79EFBC}") = "Company.API", "Company.API\Company.API.csproj", "{A90C4420-492E-4D4F-ACF0-62D607862B19}"
EndProject
Global
	GlobalSection(SolutionConfigurationPlatforms) = preSolution
		Debug|Any CPU = Debug|Any CPU
		Release|Any CPU = Release|Any CPU
	EndGlobalSection
	GlobalSection(ProjectConfigurationPlatforms) = postSolution
		{73EA7113-BFFE-4EB4-993C-22EC63FACE1A}.Debug|Any CPU.ActiveCfg = Debug|Any CPU
		{73EA7113-BFFE-4EB4-993C-22EC63FACE1A}.Debug|Any CPU.Build.0 = Debug|Any CPU
		{73EA7113-BFFE-4EB4-993C-22EC63FACE1A}.Release|Any CPU.ActiveCfg = Release|Any CPU
		{73EA7113-BFFE-4EB4-993C-22EC63FACE1A}.Release|Any CPU.Build.0 = Release|Any CPU
		{DF331936-0B12-4E43-A921-A915A8CFEF7D}.Debug|Any CPU.ActiveCfg = Debug|Any CPU
		{DF331936-0B12-4E43-A921-A915A8CFEF7D}.Debug|Any CPU.Build.0 = Debug|Any CPU
		{DF331936-0B12-4E43-A921-A915A8CFEF7D}.Release|Any CPU.ActiveCfg = Release|Any CPU
		{DF331936-0B12-4E43-A921-A915A8CFEF7D}.Release|Any CPU.Build.0 = Release|Any CPU
		{8F279BA2-C0BD-4C57-86E1-DF5AFFCACC2F}.Debug|Any CPU.ActiveCfg = Debug|Any CPU
		{8F279BA2-C0BD-4C57-86E1-DF5AFFCACC2F}.Debug|Any CPU.Build.0 = Debug|Any CPU
		{8F279BA2-C0BD-4C57-86E1-DF5AFFCACC2F}.Release|Any CPU.ActiveCfg = Release|Any CPU
		{8F279BA2-C0BD-4C57-86E1-DF5AFFCACC2F}.Release|Any CPU.Build.0 = Release|Any CPU
		{29454BE5-31C2-494F-BB93-CC323477786D}.Debug|Any CPU.ActiveCfg = Debug|Any CPU
		{29454BE5-31C2-494F-BB93-CC323477786D}.Debug|Any CPU.Build.0 = Debug|Any CPU
		{29454BE5-31C2-494F-BB93-CC323477786D}.Release|Any CPU.ActiveCfg = Release|Any CPU
		{29454BE5-31C2-494F-BB93-CC323477786D}.Release|Any CPU.Build.0 = Release|Any CPU
		{7F50695A-D1CB-44CC-8267-E33EE4B9BBBD}.Debug|Any CPU.ActiveCfg = Debug|Any CPU
		{7F50695A-D1CB-44CC-8267-E33EE4B9BBBD}.Debug|Any CPU.Build.0 = Debug|Any CPU
		{7F50695A-D1CB-44CC-8267-E33EE4B9BBBD}.Release|Any CPU.ActiveCfg = Release|Any CPU
		{7F50695A-D1CB-44CC-8267-E33EE4B9BBBD}.Release|Any CPU.Build.0 = Release|Any CPU
		{97C7804E-7352-4F15-BD68-71046DDD55A4}.Debug|Any CPU.ActiveCfg = Debug|Any CPU
		{97C7804E-7352-4F15-BD68-71046DDD55A4}.Debug|Any CPU.Build.0 = Debug|Any CPU
		{97C7804E-7352-4F15-BD68-71046DDD55A4}.Release|Any CPU.ActiveCfg = Release|Any CPU
		{97C7804E-7352-4F15-BD68-71046DDD55A4}.Release|Any CPU.Build.0 = Release|Any CPU
		{A90C4420-492E-4D4F-ACF0-62D607862B19}.Debug|Any CPU.ActiveCfg = Debug|Any CPU
		{A90C4420-492E-4D4F-ACF0-62D607862B19}.Debug|Any CPU.Build.0 = Debug|Any CPU
		{A90C4420-492E-4D4F-ACF0-62D607862B19}.Release|Any CPU.ActiveCfg = Release|Any CPU
		{A90C4420-492E-4D4F-ACF0-62D607862B19}.Release|Any CPU.Build.0 = Release|Any CPU
	EndGlobalSection
	GlobalSection(NestedProjects) = preSolution
		{73EA7113-BFFE-4EB4-993C-22EC63FACE1A} = {382D685A-9DDE-4CD5-9CAF-49CAFA695F84}
		{8F279BA2-C0BD-4C57-86E1-DF5AFFCACC2F} = {6E5771C2-E20C-4A84-A56E-08C120979ADC}
		{DF331936-0B12-4E43-A921-A915A8CFEF7D} = {6E5771C2-E20C-4A84-A56E-08C120979ADC}
		{29454BE5-31C2-494F-BB93-CC323477786D} = {FBB3CFB1-B292-47C3-B2E9-44942E536D23}
		{7F50695A-D1CB-44CC-8267-E33EE4B9BBBD} = {FBB3CFB1-B292-47C3-B2E9-44942E536D23}
		{97C7804E-7352-4F15-BD68-71046DDD55A4} = {6E5771C2-E20C-4A84-A56E-08C120979ADC}
		{A90C4420-492E-4D4F-ACF0-62D607862B19} = {FBB3CFB1-B292-47C3-B2E9-44942E536D23}
	EndGlobalSection
EndGlobal
